
Microsoft Visual Studio Solution File, Format Version 9.00
# Visual Studio 2005
Project("{FAE04EC0-301F-11D3-BF4B-00C04F79EFBC}") = "Vortex.Growl.WindowsClient", "Vortex.Growl.WindowsClient\Vortex.Growl.WindowsClient.csproj", "{306396C9-85B0-479D-8774-D7D1ADD3E27B}"
	ProjectSection(ProjectDependencies) = postProject
		{4E6B5911-9B31-4B40-8301-77A8468FF790} = {4E6B5911-9B31-4B40-8301-77A8468FF790}
		{8B30CB18-697A-44F2-9162-88DEEEDE2399} = {8B30CB18-697A-44F2-9162-88DEEEDE2399}
		{E966873E-1959-4D26-B3BE-542295D65904} = {E966873E-1959-4D26-B3BE-542295D65904}
		{E87B8F5A-B3FD-4975-8624-100B902BAA49} = {E87B8F5A-B3FD-4975-8624-100B902BAA49}
		{AE3A1F5F-8BF0-4C5C-A038-06ACC858A25B} = {AE3A1F5F-8BF0-4C5C-A038-06ACC858A25B}
		{30E85F67-B9BB-423F-A9C4-73BF9EB2C0C7} = {30E85F67-B9BB-423F-A9C4-73BF9EB2C0C7}
		{D3F7E688-A767-42AD-A3F2-CBE8EE479FF0} = {D3F7E688-A767-42AD-A3F2-CBE8EE479FF0}
		{A932DCAD-7382-4B78-A212-CA60E11F992E} = {A932DCAD-7382-4B78-A212-CA60E11F992E}
	EndProjectSection
EndProject
Project("{FAE04EC0-301F-11D3-BF4B-00C04F79EFBC}") = "Sample Growl App", "Sample Growl App\Sample Growl App.csproj", "{30E85F67-B9BB-423F-A9C4-73BF9EB2C0C7}"
EndProject
Project("{FAE04EC0-301F-11D3-BF4B-00C04F79EFBC}") = "Sample Net Growl App", "Sample Net Growl App\Sample Net Growl App.csproj", "{E966873E-1959-4D26-B3BE-542295D65904}"
EndProject
Project("{FAE04EC0-301F-11D3-BF4B-00C04F79EFBC}") = "Vortex.Growl.Framework", "Vortex.Growl.Framework\Vortex.Growl.Framework.csproj", "{F3F5909B-EAE9-40A3-94CA-FE492201D1E4}"
EndProject
Project("{FAE04EC0-301F-11D3-BF4B-00C04F79EFBC}") = "Vortex.Growl.AppBridge", "Vortex.Growl.AppBridge\Vortex.Growl.AppBridge.csproj", "{D7554A69-BC4D-4C55-A5FC-AC369CE62BB5}"
EndProject
Project("{54435603-DBB4-11D2-8724-00A0C9A8B90C}") = "Deployment", "Deployment\Deployment.vdproj", "{F24DD0EA-6B2B-4780-8128-8B893084A393}"
EndProject
Project("{FAE04EC0-301F-11D3-BF4B-00C04F79EFBC}") = "Vortex.Growl.DisplayStyle", "Vortex.Growl.Display\Vortex.Growl.DisplayStyle.csproj", "{2BDCFDAC-B072-4CFB-A01E-622B3E73A52F}"
EndProject
Project("{FAE04EC0-301F-11D3-BF4B-00C04F79EFBC}") = "Vortex.Growl.EmailDisplay", "Vortex.Growl.EmailDisplay\Vortex.Growl.EmailDisplay.csproj", "{E87B8F5A-B3FD-4975-8624-100B902BAA49}"
EndProject
Project("{FAE04EC0-301F-11D3-BF4B-00C04F79EFBC}") = "Vortex.Growl.WebDisplay", "Vortex.Growl.WebDisplay\Vortex.Growl.WebDisplay.csproj", "{D3F7E688-A767-42AD-A3F2-CBE8EE479FF0}"
EndProject
Project("{FAE04EC0-301F-11D3-BF4B-00C04F79EFBC}") = "Vortex.Growl.VisorDisplay", "Vortex.Growl.VisorDisplay\Vortex.Growl.VisorDisplay.csproj", "{8B30CB18-697A-44F2-9162-88DEEEDE2399}"
EndProject
Project("{FAE04EC0-301F-11D3-BF4B-00C04F79EFBC}") = "Vortex.Growl.GrowlProtocolHandler", "Vortex.Growl.GrowlProtocolHandler\Vortex.Growl.GrowlProtocolHandler.csproj", "{4E6B5911-9B31-4B40-8301-77A8468FF790}"
EndProject
Project("{FAE04EC0-301F-11D3-BF4B-00C04F79EFBC}") = "TestWebServer", "TestWebServer\TestWebServer.csproj", "{A932DCAD-7382-4B78-A212-CA60E11F992E}"
EndProject
Project("{FAE04EC0-301F-11D3-BF4B-00C04F79EFBC}") = "Vortex.Growl.SimpleDisplay", "Vortex.Growl.SimpleDisplay\Vortex.Growl.SimpleDisplay.csproj", "{AE3A1F5F-8BF0-4C5C-A038-06ACC858A25B}"
EndProject
Global
	GlobalSection(SolutionConfigurationPlatforms) = preSolution
		Debug|Any CPU = Debug|Any CPU
		Release|Any CPU = Release|Any CPU
	EndGlobalSection
	GlobalSection(ProjectConfigurationPlatforms) = postSolution
		{306396C9-85B0-479D-8774-D7D1ADD3E27B}.Debug|Any CPU.ActiveCfg = Debug|Any CPU
		{306396C9-85B0-479D-8774-D7D1ADD3E27B}.Debug|Any CPU.Build.0 = Debug|Any CPU
		{306396C9-85B0-479D-8774-D7D1ADD3E27B}.Release|Any CPU.ActiveCfg = Release|Any CPU
		{306396C9-85B0-479D-8774-D7D1ADD3E27B}.Release|Any CPU.Build.0 = Release|Any CPU
		{30E85F67-B9BB-423F-A9C4-73BF9EB2C0C7}.Debug|Any CPU.ActiveCfg = Debug|Any CPU
		{30E85F67-B9BB-423F-A9C4-73BF9EB2C0C7}.Debug|Any CPU.Build.0 = Debug|Any CPU
		{30E85F67-B9BB-423F-A9C4-73BF9EB2C0C7}.Release|Any CPU.ActiveCfg = Release|Any CPU
		{30E85F67-B9BB-423F-A9C4-73BF9EB2C0C7}.Release|Any CPU.Build.0 = Release|Any CPU
		{E966873E-1959-4D26-B3BE-542295D65904}.Debug|Any CPU.ActiveCfg = Debug|Any CPU
		{E966873E-1959-4D26-B3BE-542295D65904}.Debug|Any CPU.Build.0 = Debug|Any CPU
		{E966873E-1959-4D26-B3BE-542295D65904}.Release|Any CPU.ActiveCfg = Release|Any CPU
		{E966873E-1959-4D26-B3BE-542295D65904}.Release|Any CPU.Build.0 = Release|Any CPU
		{F3F5909B-EAE9-40A3-94CA-FE492201D1E4}.Debug|Any CPU.ActiveCfg = Debug|Any CPU
		{F3F5909B-EAE9-40A3-94CA-FE492201D1E4}.Debug|Any CPU.Build.0 = Debug|Any CPU
		{F3F5909B-EAE9-40A3-94CA-FE492201D1E4}.Release|Any CPU.ActiveCfg = Release|Any CPU
		{F3F5909B-EAE9-40A3-94CA-FE492201D1E4}.Release|Any CPU.Build.0 = Release|Any CPU
		{D7554A69-BC4D-4C55-A5FC-AC369CE62BB5}.Debug|Any CPU.ActiveCfg = Debug|Any CPU
		{D7554A69-BC4D-4C55-A5FC-AC369CE62BB5}.Debug|Any CPU.Build.0 = Debug|Any CPU
		{D7554A69-BC4D-4C55-A5FC-AC369CE62BB5}.Release|Any CPU.ActiveCfg = Release|Any CPU
		{D7554A69-BC4D-4C55-A5FC-AC369CE62BB5}.Release|Any CPU.Build.0 = Release|Any CPU
		{F24DD0EA-6B2B-4780-8128-8B893084A393}.Debug|Any CPU.ActiveCfg = Debug
		{F24DD0EA-6B2B-4780-8128-8B893084A393}.Release|Any CPU.ActiveCfg = Release
		{2BDCFDAC-B072-4CFB-A01E-622B3E73A52F}.Debug|Any CPU.ActiveCfg = Debug|Any CPU
		{2BDCFDAC-B072-4CFB-A01E-622B3E73A52F}.Debug|Any CPU.Build.0 = Debug|Any CPU
		{2BDCFDAC-B072-4CFB-A01E-622B3E73A52F}.Release|Any CPU.ActiveCfg = Release|Any CPU
		{2BDCFDAC-B072-4CFB-A01E-622B3E73A52F}.Release|Any CPU.Build.0 = Release|Any CPU
		{E87B8F5A-B3FD-4975-8624-100B902BAA49}.Debug|Any CPU.ActiveCfg = Debug|Any CPU
		{E87B8F5A-B3FD-4975-8624-100B902BAA49}.Debug|Any CPU.Build.0 = Debug|Any CPU
		{E87B8F5A-B3FD-4975-8624-100B902BAA49}.Release|Any CPU.ActiveCfg = Release|Any CPU
		{E87B8F5A-B3FD-4975-8624-100B902BAA49}.Release|Any CPU.Build.0 = Release|Any CPU
		{D3F7E688-A767-42AD-A3F2-CBE8EE479FF0}.Debug|Any CPU.ActiveCfg = Debug|Any CPU
		{D3F7E688-A767-42AD-A3F2-CBE8EE479FF0}.Debug|Any CPU.Build.0 = Debug|Any CPU
		{D3F7E688-A767-42AD-A3F2-CBE8EE479FF0}.Release|Any CPU.ActiveCfg = Release|Any CPU
		{D3F7E688-A767-42AD-A3F2-CBE8EE479FF0}.Release|Any CPU.Build.0 = Release|Any CPU
		{8B30CB18-697A-44F2-9162-88DEEEDE2399}.Debug|Any CPU.ActiveCfg = Debug|Any CPU
		{8B30CB18-697A-44F2-9162-88DEEEDE2399}.Debug|Any CPU.Build.0 = Debug|Any CPU
		{8B30CB18-697A-44F2-9162-88DEEEDE2399}.Release|Any CPU.ActiveCfg = Release|Any CPU
		{8B30CB18-697A-44F2-9162-88DEEEDE2399}.Release|Any CPU.Build.0 = Release|Any CPU
		{4E6B5911-9B31-4B40-8301-77A8468FF790}.Debug|Any CPU.ActiveCfg = Debug|Any CPU
		{4E6B5911-9B31-4B40-8301-77A8468FF790}.Debug|Any CPU.Build.0 = Debug|Any CPU
		{4E6B5911-9B31-4B40-8301-77A8468FF790}.Release|Any CPU.ActiveCfg = Release|Any CPU
		{4E6B5911-9B31-4B40-8301-77A8468FF790}.Release|Any CPU.Build.0 = Release|Any CPU
		{A932DCAD-7382-4B78-A212-CA60E11F992E}.Debug|Any CPU.ActiveCfg = Debug|Any CPU
		{A932DCAD-7382-4B78-A212-CA60E11F992E}.Debug|Any CPU.Build.0 = Debug|Any CPU
		{A932DCAD-7382-4B78-A212-CA60E11F992E}.Release|Any CPU.ActiveCfg = Release|Any CPU
		{A932DCAD-7382-4B78-A212-CA60E11F992E}.Release|Any CPU.Build.0 = Release|Any CPU
		{AE3A1F5F-8BF0-4C5C-A038-06ACC858A25B}.Debug|Any CPU.ActiveCfg = Debug|Any CPU
		{AE3A1F5F-8BF0-4C5C-A038-06ACC858A25B}.Debug|Any CPU.Build.0 = Debug|Any CPU
		{AE3A1F5F-8BF0-4C5C-A038-06ACC858A25B}.Release|Any CPU.ActiveCfg = Release|Any CPU
		{AE3A1F5F-8BF0-4C5C-A038-06ACC858A25B}.Release|Any CPU.Build.0 = Release|Any CPU
	EndGlobalSection
	GlobalSection(SolutionProperties) = preSolution
		HideSolutionNode = FALSE
	EndGlobalSection
EndGlobal
