
Microsoft Visual Studio Solution File, Format Version 9.00
# Visual Studio 2005
Project("{FAE04EC0-301F-11D3-BF4B-00C04F79EFBC}") = "Growl.Daemon", "Growl.Daemon\Growl.Daemon.csproj", "{6112CD52-1F16-4068-8D16-CB9C5467E8C3}"
EndProject
Project("{FAE04EC0-301F-11D3-BF4B-00C04F79EFBC}") = "Growl.Localization.fr-FR", "Growl.Localization.fr-FR\Growl.Localization.fr-FR.csproj", "{7E659A21-065E-4C74-8AE8-26A073649204}"
EndProject
Project("{FAE04EC0-301F-11D3-BF4B-00C04F79EFBC}") = "Growl.Destinations", "Growl.Destinations\Growl.Destinations.csproj", "{0C9DC442-30AA-450B-B386-AEE3D999DFCB}"
EndProject
Project("{FAE04EC0-301F-11D3-BF4B-00C04F79EFBC}") = "Growl.Localization.ko-KR", "Growl.Localization.ko-KR\Growl.Localization.ko-KR.csproj", "{7DE9794D-B504-4F21-87EA-8B86604EE15D}"
EndProject
Project("{FAE04EC0-301F-11D3-BF4B-00C04F79EFBC}") = "Growl.Localization.it-IT", "Growl.Localization.it-IT\Growl.Localization.it-IT.csproj", "{9CA1AA2F-DD92-4986-9DB7-EC35193752F3}"
EndProject
Project("{FAE04EC0-301F-11D3-BF4B-00C04F79EFBC}") = "Growl", "Growl\Growl.csproj", "{D4FAD0E4-FD93-4379-8684-F3288F06A588}"
EndProject
Project("{FAE04EC0-301F-11D3-BF4B-00C04F79EFBC}") = "Growl.Connector", "Growl.Connector\Growl.Connector.csproj", "{19C22138-B905-47BA-9E6E-EF9356907E53}"
EndProject
Project("{FAE04EC0-301F-11D3-BF4B-00C04F79EFBC}") = "Growl.CoreLibrary", "Growl.CoreLibrary\Growl.CoreLibrary.csproj", "{BCFE7FCD-6055-4872-95EA-5C4C73DE342D}"
EndProject
Project("{FAE04EC0-301F-11D3-BF4B-00C04F79EFBC}") = "Growl.Displays.Plain", "Growl.Displays.Plain\Growl.Displays.Plain.csproj", "{FCE7A843-0E7E-4BF0-8FD1-08200A8A51A2}"
EndProject
Project("{FAE04EC0-301F-11D3-BF4B-00C04F79EFBC}") = "Growl.Displays.Smokestack", "Growl.Displays.Smokestack\Growl.Displays.Smokestack.csproj", "{9C213ABF-3B98-4AC6-BD93-CA7EFD2174BD}"
EndProject
Project("{FAE04EC0-301F-11D3-BF4B-00C04F79EFBC}") = "Growl.Displays.Standard", "Growl.Displays.Standard\Growl.Displays.Standard.csproj", "{6CAA2424-5F26-4C76-A1B3-EF9FFE1194D4}"
EndProject
Project("{FAE04EC0-301F-11D3-BF4B-00C04F79EFBC}") = "Growl.Displays.Toast", "Growl.Displays.Toast\Growl.Displays.Toast.csproj", "{3780640E-ADAE-4F17-AFCB-1158BCDD88D5}"
EndProject
Project("{FAE04EC0-301F-11D3-BF4B-00C04F79EFBC}") = "Growl.Displays.Visor", "Growl.Displays.Visor\Growl.Displays.Visor.csproj", "{5AB6E71F-59BF-4E45-A9D9-84BCEAA4731C}"
EndProject
Project("{FAE04EC0-301F-11D3-BF4B-00C04F79EFBC}") = "Growl.DisplayStyle", "Growl.DisplayStyle\Growl.DisplayStyle.csproj", "{97E4D21E-FD5C-47D9-BC28-AE5EE8B6288D}"
EndProject
Project("{FAE04EC0-301F-11D3-BF4B-00C04F79EFBC}") = "Growl.Localization.de-DE", "Growl.Localization.de-DE\Growl.Localization.de-DE.csproj", "{774E3560-B4CA-4041-A21E-A9437FD3C932}"
EndProject
Project("{FAE04EC0-301F-11D3-BF4B-00C04F79EFBC}") = "Growl.Localization.en-GB", "Growl.Localization.en-GB\Growl.Localization.en-GB.csproj", "{0D6853EB-B690-4048-9979-1AD80457A65B}"
EndProject
Project("{FAE04EC0-301F-11D3-BF4B-00C04F79EFBC}") = "Growl.Localization.ja-JP", "Growl.Localization.ja-JP\Growl.Localization.ja-JP.csproj", "{98141345-02ED-4928-8177-B77DCFEA3462}"
EndProject
Project("{FAE04EC0-301F-11D3-BF4B-00C04F79EFBC}") = "Growl.Localization.nb-NO", "Growl.Localization.nb-NO\Growl.Localization.nb-NO.csproj", "{BED0DDCE-6C19-4487-86A0-CD58F2DC5F66}"
EndProject
Project("{FAE04EC0-301F-11D3-BF4B-00C04F79EFBC}") = "Growl.Localization.nl-NL", "Growl.Localization.nl-NL\Growl.Localization.nl-NL.csproj", "{8D29E78A-8203-4037-9A14-C8D46A4C323C}"
EndProject
Project("{FAE04EC0-301F-11D3-BF4B-00C04F79EFBC}") = "Growl.UDPLegacy", "Growl.UDPLegacy\Growl.UDPLegacy.csproj", "{901C016A-9008-4190-A067-E578E7E66B1A}"
EndProject
Project("{FAE04EC0-301F-11D3-BF4B-00C04F79EFBC}") = "Test App", "Test App\Test App.csproj", "{453F9C34-68B5-45A4-B34B-96607C6A4680}"
EndProject
Project("{FAE04EC0-301F-11D3-BF4B-00C04F79EFBC}") = "Test Server", "Test Server\Test Server.csproj", "{25D4D0A4-22D0-4E87-A8D6-A58AA592D28C}"
EndProject
Project("{54435603-DBB4-11D2-8724-00A0C9A8B90C}") = "Windows Deployment", "Windows Deployment\Windows Deployment.vdproj", "{E9740EF0-ED81-4AF7-A720-CEADEF89E69E}"
EndProject
Global
	GlobalSection(SolutionConfigurationPlatforms) = preSolution
		Debug|Any CPU = Debug|Any CPU
		Debug|x86 = Debug|x86
		Mono|Any CPU = Mono|Any CPU
		Mono|x86 = Mono|x86
		Release|Any CPU = Release|Any CPU
		Release|x86 = Release|x86
	EndGlobalSection
	GlobalSection(ProjectConfigurationPlatforms) = postSolution
		{6112CD52-1F16-4068-8D16-CB9C5467E8C3}.Debug|Any CPU.ActiveCfg = Debug|Any CPU
		{6112CD52-1F16-4068-8D16-CB9C5467E8C3}.Debug|Any CPU.Build.0 = Debug|Any CPU
		{6112CD52-1F16-4068-8D16-CB9C5467E8C3}.Debug|x86.ActiveCfg = Debug|Any CPU
		{6112CD52-1F16-4068-8D16-CB9C5467E8C3}.Mono|Any CPU.ActiveCfg = Mono|Any CPU
		{6112CD52-1F16-4068-8D16-CB9C5467E8C3}.Mono|Any CPU.Build.0 = Mono|Any CPU
		{6112CD52-1F16-4068-8D16-CB9C5467E8C3}.Mono|x86.ActiveCfg = Mono|Any CPU
		{6112CD52-1F16-4068-8D16-CB9C5467E8C3}.Release|Any CPU.ActiveCfg = Release|Any CPU
		{6112CD52-1F16-4068-8D16-CB9C5467E8C3}.Release|Any CPU.Build.0 = Release|Any CPU
		{6112CD52-1F16-4068-8D16-CB9C5467E8C3}.Release|x86.ActiveCfg = Release|Any CPU
		{7E659A21-065E-4C74-8AE8-26A073649204}.Debug|Any CPU.ActiveCfg = Debug|Any CPU
		{7E659A21-065E-4C74-8AE8-26A073649204}.Debug|Any CPU.Build.0 = Debug|Any CPU
		{7E659A21-065E-4C74-8AE8-26A073649204}.Debug|x86.ActiveCfg = Debug|Any CPU
		{7E659A21-065E-4C74-8AE8-26A073649204}.Mono|Any CPU.ActiveCfg = Release|Any CPU
		{7E659A21-065E-4C74-8AE8-26A073649204}.Mono|Any CPU.Build.0 = Release|Any CPU
		{7E659A21-065E-4C74-8AE8-26A073649204}.Mono|x86.ActiveCfg = Release|Any CPU
		{7E659A21-065E-4C74-8AE8-26A073649204}.Release|Any CPU.ActiveCfg = Release|Any CPU
		{7E659A21-065E-4C74-8AE8-26A073649204}.Release|Any CPU.Build.0 = Release|Any CPU
		{7E659A21-065E-4C74-8AE8-26A073649204}.Release|x86.ActiveCfg = Release|Any CPU
		{0C9DC442-30AA-450B-B386-AEE3D999DFCB}.Debug|Any CPU.ActiveCfg = Debug|Any CPU
		{0C9DC442-30AA-450B-B386-AEE3D999DFCB}.Debug|Any CPU.Build.0 = Debug|Any CPU
		{0C9DC442-30AA-450B-B386-AEE3D999DFCB}.Debug|x86.ActiveCfg = Debug|Any CPU
		{0C9DC442-30AA-450B-B386-AEE3D999DFCB}.Mono|Any CPU.ActiveCfg = Release|Any CPU
		{0C9DC442-30AA-450B-B386-AEE3D999DFCB}.Mono|Any CPU.Build.0 = Release|Any CPU
		{0C9DC442-30AA-450B-B386-AEE3D999DFCB}.Mono|x86.ActiveCfg = Release|Any CPU
		{0C9DC442-30AA-450B-B386-AEE3D999DFCB}.Release|Any CPU.ActiveCfg = Release|Any CPU
		{0C9DC442-30AA-450B-B386-AEE3D999DFCB}.Release|Any CPU.Build.0 = Release|Any CPU
		{0C9DC442-30AA-450B-B386-AEE3D999DFCB}.Release|x86.ActiveCfg = Release|Any CPU
		{7DE9794D-B504-4F21-87EA-8B86604EE15D}.Debug|Any CPU.ActiveCfg = Debug|Any CPU
		{7DE9794D-B504-4F21-87EA-8B86604EE15D}.Debug|Any CPU.Build.0 = Debug|Any CPU
		{7DE9794D-B504-4F21-87EA-8B86604EE15D}.Debug|x86.ActiveCfg = Debug|Any CPU
		{7DE9794D-B504-4F21-87EA-8B86604EE15D}.Mono|Any CPU.ActiveCfg = Release|Any CPU
		{7DE9794D-B504-4F21-87EA-8B86604EE15D}.Mono|Any CPU.Build.0 = Release|Any CPU
		{7DE9794D-B504-4F21-87EA-8B86604EE15D}.Mono|x86.ActiveCfg = Release|Any CPU
		{7DE9794D-B504-4F21-87EA-8B86604EE15D}.Release|Any CPU.ActiveCfg = Release|Any CPU
		{7DE9794D-B504-4F21-87EA-8B86604EE15D}.Release|Any CPU.Build.0 = Release|Any CPU
		{7DE9794D-B504-4F21-87EA-8B86604EE15D}.Release|x86.ActiveCfg = Release|Any CPU
		{9CA1AA2F-DD92-4986-9DB7-EC35193752F3}.Debug|Any CPU.ActiveCfg = Debug|Any CPU
		{9CA1AA2F-DD92-4986-9DB7-EC35193752F3}.Debug|Any CPU.Build.0 = Debug|Any CPU
		{9CA1AA2F-DD92-4986-9DB7-EC35193752F3}.Debug|x86.ActiveCfg = Debug|x86
		{9CA1AA2F-DD92-4986-9DB7-EC35193752F3}.Debug|x86.Build.0 = Debug|x86
		{9CA1AA2F-DD92-4986-9DB7-EC35193752F3}.Mono|Any CPU.ActiveCfg = Release|Any CPU
		{9CA1AA2F-DD92-4986-9DB7-EC35193752F3}.Mono|Any CPU.Build.0 = Release|Any CPU
		{9CA1AA2F-DD92-4986-9DB7-EC35193752F3}.Mono|x86.ActiveCfg = Release|Any CPU
		{9CA1AA2F-DD92-4986-9DB7-EC35193752F3}.Release|Any CPU.ActiveCfg = Release|Any CPU
		{9CA1AA2F-DD92-4986-9DB7-EC35193752F3}.Release|Any CPU.Build.0 = Release|Any CPU
		{9CA1AA2F-DD92-4986-9DB7-EC35193752F3}.Release|x86.ActiveCfg = Release|x86
		{9CA1AA2F-DD92-4986-9DB7-EC35193752F3}.Release|x86.Build.0 = Release|x86
		{D4FAD0E4-FD93-4379-8684-F3288F06A588}.Debug|Any CPU.ActiveCfg = Debug|Any CPU
		{D4FAD0E4-FD93-4379-8684-F3288F06A588}.Debug|Any CPU.Build.0 = Debug|Any CPU
		{D4FAD0E4-FD93-4379-8684-F3288F06A588}.Debug|x86.ActiveCfg = Debug|Any CPU
		{D4FAD0E4-FD93-4379-8684-F3288F06A588}.Mono|Any CPU.ActiveCfg = Release|Any CPU
		{D4FAD0E4-FD93-4379-8684-F3288F06A588}.Mono|Any CPU.Build.0 = Release|Any CPU
		{D4FAD0E4-FD93-4379-8684-F3288F06A588}.Mono|x86.ActiveCfg = Release|Any CPU
		{D4FAD0E4-FD93-4379-8684-F3288F06A588}.Release|Any CPU.ActiveCfg = Release|Any CPU
		{D4FAD0E4-FD93-4379-8684-F3288F06A588}.Release|Any CPU.Build.0 = Release|Any CPU
		{D4FAD0E4-FD93-4379-8684-F3288F06A588}.Release|x86.ActiveCfg = Release|Any CPU
		{19C22138-B905-47BA-9E6E-EF9356907E53}.Debug|Any CPU.ActiveCfg = Debug|Any CPU
		{19C22138-B905-47BA-9E6E-EF9356907E53}.Debug|Any CPU.Build.0 = Debug|Any CPU
		{19C22138-B905-47BA-9E6E-EF9356907E53}.Debug|x86.ActiveCfg = Debug|Any CPU
		{19C22138-B905-47BA-9E6E-EF9356907E53}.Mono|Any CPU.ActiveCfg = Mono|Any CPU
		{19C22138-B905-47BA-9E6E-EF9356907E53}.Mono|Any CPU.Build.0 = Mono|Any CPU
		{19C22138-B905-47BA-9E6E-EF9356907E53}.Mono|x86.ActiveCfg = Mono|Any CPU
		{19C22138-B905-47BA-9E6E-EF9356907E53}.Release|Any CPU.ActiveCfg = Release|Any CPU
		{19C22138-B905-47BA-9E6E-EF9356907E53}.Release|Any CPU.Build.0 = Release|Any CPU
		{19C22138-B905-47BA-9E6E-EF9356907E53}.Release|x86.ActiveCfg = Release|Any CPU
		{BCFE7FCD-6055-4872-95EA-5C4C73DE342D}.Debug|Any CPU.ActiveCfg = Debug|Any CPU
		{BCFE7FCD-6055-4872-95EA-5C4C73DE342D}.Debug|Any CPU.Build.0 = Debug|Any CPU
		{BCFE7FCD-6055-4872-95EA-5C4C73DE342D}.Debug|x86.ActiveCfg = Debug|Any CPU
		{BCFE7FCD-6055-4872-95EA-5C4C73DE342D}.Mono|Any CPU.ActiveCfg = Mono|Any CPU
		{BCFE7FCD-6055-4872-95EA-5C4C73DE342D}.Mono|Any CPU.Build.0 = Mono|Any CPU
		{BCFE7FCD-6055-4872-95EA-5C4C73DE342D}.Mono|x86.ActiveCfg = Mono|Any CPU
		{BCFE7FCD-6055-4872-95EA-5C4C73DE342D}.Release|Any CPU.ActiveCfg = Release|Any CPU
		{BCFE7FCD-6055-4872-95EA-5C4C73DE342D}.Release|Any CPU.Build.0 = Release|Any CPU
		{BCFE7FCD-6055-4872-95EA-5C4C73DE342D}.Release|x86.ActiveCfg = Release|Any CPU
		{FCE7A843-0E7E-4BF0-8FD1-08200A8A51A2}.Debug|Any CPU.ActiveCfg = Debug|Any CPU
		{FCE7A843-0E7E-4BF0-8FD1-08200A8A51A2}.Debug|Any CPU.Build.0 = Debug|Any CPU
		{FCE7A843-0E7E-4BF0-8FD1-08200A8A51A2}.Debug|x86.ActiveCfg = Debug|Any CPU
		{FCE7A843-0E7E-4BF0-8FD1-08200A8A51A2}.Mono|Any CPU.ActiveCfg = Release|Any CPU
		{FCE7A843-0E7E-4BF0-8FD1-08200A8A51A2}.Mono|Any CPU.Build.0 = Release|Any CPU
		{FCE7A843-0E7E-4BF0-8FD1-08200A8A51A2}.Mono|x86.ActiveCfg = Release|Any CPU
		{FCE7A843-0E7E-4BF0-8FD1-08200A8A51A2}.Release|Any CPU.ActiveCfg = Release|Any CPU
		{FCE7A843-0E7E-4BF0-8FD1-08200A8A51A2}.Release|Any CPU.Build.0 = Release|Any CPU
		{FCE7A843-0E7E-4BF0-8FD1-08200A8A51A2}.Release|x86.ActiveCfg = Release|Any CPU
		{9C213ABF-3B98-4AC6-BD93-CA7EFD2174BD}.Debug|Any CPU.ActiveCfg = Debug|Any CPU
		{9C213ABF-3B98-4AC6-BD93-CA7EFD2174BD}.Debug|Any CPU.Build.0 = Debug|Any CPU
		{9C213ABF-3B98-4AC6-BD93-CA7EFD2174BD}.Debug|x86.ActiveCfg = Debug|Any CPU
		{9C213ABF-3B98-4AC6-BD93-CA7EFD2174BD}.Mono|Any CPU.ActiveCfg = Release|Any CPU
		{9C213ABF-3B98-4AC6-BD93-CA7EFD2174BD}.Mono|Any CPU.Build.0 = Release|Any CPU
		{9C213ABF-3B98-4AC6-BD93-CA7EFD2174BD}.Mono|x86.ActiveCfg = Release|Any CPU
		{9C213ABF-3B98-4AC6-BD93-CA7EFD2174BD}.Release|Any CPU.ActiveCfg = Release|Any CPU
		{9C213ABF-3B98-4AC6-BD93-CA7EFD2174BD}.Release|Any CPU.Build.0 = Release|Any CPU
		{9C213ABF-3B98-4AC6-BD93-CA7EFD2174BD}.Release|x86.ActiveCfg = Release|Any CPU
		{6CAA2424-5F26-4C76-A1B3-EF9FFE1194D4}.Debug|Any CPU.ActiveCfg = Debug|Any CPU
		{6CAA2424-5F26-4C76-A1B3-EF9FFE1194D4}.Debug|Any CPU.Build.0 = Debug|Any CPU
		{6CAA2424-5F26-4C76-A1B3-EF9FFE1194D4}.Debug|x86.ActiveCfg = Debug|Any CPU
		{6CAA2424-5F26-4C76-A1B3-EF9FFE1194D4}.Mono|Any CPU.ActiveCfg = Release|Any CPU
		{6CAA2424-5F26-4C76-A1B3-EF9FFE1194D4}.Mono|Any CPU.Build.0 = Release|Any CPU
		{6CAA2424-5F26-4C76-A1B3-EF9FFE1194D4}.Mono|x86.ActiveCfg = Release|Any CPU
		{6CAA2424-5F26-4C76-A1B3-EF9FFE1194D4}.Release|Any CPU.ActiveCfg = Release|Any CPU
		{6CAA2424-5F26-4C76-A1B3-EF9FFE1194D4}.Release|Any CPU.Build.0 = Release|Any CPU
		{6CAA2424-5F26-4C76-A1B3-EF9FFE1194D4}.Release|x86.ActiveCfg = Release|Any CPU
		{3780640E-ADAE-4F17-AFCB-1158BCDD88D5}.Debug|Any CPU.ActiveCfg = Debug|Any CPU
		{3780640E-ADAE-4F17-AFCB-1158BCDD88D5}.Debug|Any CPU.Build.0 = Debug|Any CPU
		{3780640E-ADAE-4F17-AFCB-1158BCDD88D5}.Debug|x86.ActiveCfg = Debug|Any CPU
		{3780640E-ADAE-4F17-AFCB-1158BCDD88D5}.Mono|Any CPU.ActiveCfg = Release|Any CPU
		{3780640E-ADAE-4F17-AFCB-1158BCDD88D5}.Mono|Any CPU.Build.0 = Release|Any CPU
		{3780640E-ADAE-4F17-AFCB-1158BCDD88D5}.Mono|x86.ActiveCfg = Release|Any CPU
		{3780640E-ADAE-4F17-AFCB-1158BCDD88D5}.Release|Any CPU.ActiveCfg = Release|Any CPU
		{3780640E-ADAE-4F17-AFCB-1158BCDD88D5}.Release|Any CPU.Build.0 = Release|Any CPU
		{3780640E-ADAE-4F17-AFCB-1158BCDD88D5}.Release|x86.ActiveCfg = Release|Any CPU
		{5AB6E71F-59BF-4E45-A9D9-84BCEAA4731C}.Debug|Any CPU.ActiveCfg = Debug|Any CPU
		{5AB6E71F-59BF-4E45-A9D9-84BCEAA4731C}.Debug|Any CPU.Build.0 = Debug|Any CPU
		{5AB6E71F-59BF-4E45-A9D9-84BCEAA4731C}.Debug|x86.ActiveCfg = Debug|Any CPU
		{5AB6E71F-59BF-4E45-A9D9-84BCEAA4731C}.Mono|Any CPU.ActiveCfg = Release|Any CPU
		{5AB6E71F-59BF-4E45-A9D9-84BCEAA4731C}.Mono|Any CPU.Build.0 = Release|Any CPU
		{5AB6E71F-59BF-4E45-A9D9-84BCEAA4731C}.Mono|x86.ActiveCfg = Release|Any CPU
		{5AB6E71F-59BF-4E45-A9D9-84BCEAA4731C}.Release|Any CPU.ActiveCfg = Release|Any CPU
		{5AB6E71F-59BF-4E45-A9D9-84BCEAA4731C}.Release|Any CPU.Build.0 = Release|Any CPU
		{5AB6E71F-59BF-4E45-A9D9-84BCEAA4731C}.Release|x86.ActiveCfg = Release|Any CPU
		{97E4D21E-FD5C-47D9-BC28-AE5EE8B6288D}.Debug|Any CPU.ActiveCfg = Debug|Any CPU
		{97E4D21E-FD5C-47D9-BC28-AE5EE8B6288D}.Debug|Any CPU.Build.0 = Debug|Any CPU
		{97E4D21E-FD5C-47D9-BC28-AE5EE8B6288D}.Debug|x86.ActiveCfg = Debug|Any CPU
		{97E4D21E-FD5C-47D9-BC28-AE5EE8B6288D}.Mono|Any CPU.ActiveCfg = Release|Any CPU
		{97E4D21E-FD5C-47D9-BC28-AE5EE8B6288D}.Mono|Any CPU.Build.0 = Release|Any CPU
		{97E4D21E-FD5C-47D9-BC28-AE5EE8B6288D}.Mono|x86.ActiveCfg = Release|Any CPU
		{97E4D21E-FD5C-47D9-BC28-AE5EE8B6288D}.Release|Any CPU.ActiveCfg = Release|Any CPU
		{97E4D21E-FD5C-47D9-BC28-AE5EE8B6288D}.Release|Any CPU.Build.0 = Release|Any CPU
		{97E4D21E-FD5C-47D9-BC28-AE5EE8B6288D}.Release|x86.ActiveCfg = Release|Any CPU
		{774E3560-B4CA-4041-A21E-A9437FD3C932}.Debug|Any CPU.ActiveCfg = Debug|Any CPU
		{774E3560-B4CA-4041-A21E-A9437FD3C932}.Debug|Any CPU.Build.0 = Debug|Any CPU
		{774E3560-B4CA-4041-A21E-A9437FD3C932}.Debug|x86.ActiveCfg = Debug|Any CPU
		{774E3560-B4CA-4041-A21E-A9437FD3C932}.Mono|Any CPU.ActiveCfg = Release|Any CPU
		{774E3560-B4CA-4041-A21E-A9437FD3C932}.Mono|Any CPU.Build.0 = Release|Any CPU
		{774E3560-B4CA-4041-A21E-A9437FD3C932}.Mono|x86.ActiveCfg = Release|Any CPU
		{774E3560-B4CA-4041-A21E-A9437FD3C932}.Release|Any CPU.ActiveCfg = Release|Any CPU
		{774E3560-B4CA-4041-A21E-A9437FD3C932}.Release|Any CPU.Build.0 = Release|Any CPU
		{774E3560-B4CA-4041-A21E-A9437FD3C932}.Release|x86.ActiveCfg = Release|Any CPU
		{0D6853EB-B690-4048-9979-1AD80457A65B}.Debug|Any CPU.ActiveCfg = Debug|Any CPU
		{0D6853EB-B690-4048-9979-1AD80457A65B}.Debug|Any CPU.Build.0 = Debug|Any CPU
		{0D6853EB-B690-4048-9979-1AD80457A65B}.Debug|x86.ActiveCfg = Debug|Any CPU
		{0D6853EB-B690-4048-9979-1AD80457A65B}.Mono|Any CPU.ActiveCfg = Release|Any CPU
		{0D6853EB-B690-4048-9979-1AD80457A65B}.Mono|Any CPU.Build.0 = Release|Any CPU
		{0D6853EB-B690-4048-9979-1AD80457A65B}.Mono|x86.ActiveCfg = Release|Any CPU
		{0D6853EB-B690-4048-9979-1AD80457A65B}.Release|Any CPU.ActiveCfg = Release|Any CPU
		{0D6853EB-B690-4048-9979-1AD80457A65B}.Release|Any CPU.Build.0 = Release|Any CPU
		{0D6853EB-B690-4048-9979-1AD80457A65B}.Release|x86.ActiveCfg = Release|Any CPU
		{98141345-02ED-4928-8177-B77DCFEA3462}.Debug|Any CPU.ActiveCfg = Debug|Any CPU
		{98141345-02ED-4928-8177-B77DCFEA3462}.Debug|Any CPU.Build.0 = Debug|Any CPU
		{98141345-02ED-4928-8177-B77DCFEA3462}.Debug|x86.ActiveCfg = Debug|Any CPU
		{98141345-02ED-4928-8177-B77DCFEA3462}.Mono|Any CPU.ActiveCfg = Release|Any CPU
		{98141345-02ED-4928-8177-B77DCFEA3462}.Mono|Any CPU.Build.0 = Release|Any CPU
		{98141345-02ED-4928-8177-B77DCFEA3462}.Mono|x86.ActiveCfg = Release|Any CPU
		{98141345-02ED-4928-8177-B77DCFEA3462}.Release|Any CPU.ActiveCfg = Release|Any CPU
		{98141345-02ED-4928-8177-B77DCFEA3462}.Release|Any CPU.Build.0 = Release|Any CPU
		{98141345-02ED-4928-8177-B77DCFEA3462}.Release|x86.ActiveCfg = Release|Any CPU
		{BED0DDCE-6C19-4487-86A0-CD58F2DC5F66}.Debug|Any CPU.ActiveCfg = Debug|Any CPU
		{BED0DDCE-6C19-4487-86A0-CD58F2DC5F66}.Debug|Any CPU.Build.0 = Debug|Any CPU
		{BED0DDCE-6C19-4487-86A0-CD58F2DC5F66}.Debug|x86.ActiveCfg = Debug|Any CPU
		{BED0DDCE-6C19-4487-86A0-CD58F2DC5F66}.Mono|Any CPU.ActiveCfg = Release|Any CPU
		{BED0DDCE-6C19-4487-86A0-CD58F2DC5F66}.Mono|Any CPU.Build.0 = Release|Any CPU
		{BED0DDCE-6C19-4487-86A0-CD58F2DC5F66}.Mono|x86.ActiveCfg = Release|Any CPU
		{BED0DDCE-6C19-4487-86A0-CD58F2DC5F66}.Release|Any CPU.ActiveCfg = Release|Any CPU
		{BED0DDCE-6C19-4487-86A0-CD58F2DC5F66}.Release|Any CPU.Build.0 = Release|Any CPU
		{BED0DDCE-6C19-4487-86A0-CD58F2DC5F66}.Release|x86.ActiveCfg = Release|Any CPU
		{8D29E78A-8203-4037-9A14-C8D46A4C323C}.Debug|Any CPU.ActiveCfg = Debug|Any CPU
		{8D29E78A-8203-4037-9A14-C8D46A4C323C}.Debug|Any CPU.Build.0 = Debug|Any CPU
		{8D29E78A-8203-4037-9A14-C8D46A4C323C}.Debug|x86.ActiveCfg = Debug|Any CPU
		{8D29E78A-8203-4037-9A14-C8D46A4C323C}.Mono|Any CPU.ActiveCfg = Release|Any CPU
		{8D29E78A-8203-4037-9A14-C8D46A4C323C}.Mono|Any CPU.Build.0 = Release|Any CPU
		{8D29E78A-8203-4037-9A14-C8D46A4C323C}.Mono|x86.ActiveCfg = Release|Any CPU
		{8D29E78A-8203-4037-9A14-C8D46A4C323C}.Release|Any CPU.ActiveCfg = Release|Any CPU
		{8D29E78A-8203-4037-9A14-C8D46A4C323C}.Release|Any CPU.Build.0 = Release|Any CPU
		{8D29E78A-8203-4037-9A14-C8D46A4C323C}.Release|x86.ActiveCfg = Release|Any CPU
		{901C016A-9008-4190-A067-E578E7E66B1A}.Debug|Any CPU.ActiveCfg = Debug|Any CPU
		{901C016A-9008-4190-A067-E578E7E66B1A}.Debug|Any CPU.Build.0 = Debug|Any CPU
		{901C016A-9008-4190-A067-E578E7E66B1A}.Debug|x86.ActiveCfg = Debug|Any CPU
		{901C016A-9008-4190-A067-E578E7E66B1A}.Mono|Any CPU.ActiveCfg = Release|Any CPU
		{901C016A-9008-4190-A067-E578E7E66B1A}.Mono|Any CPU.Build.0 = Release|Any CPU
		{901C016A-9008-4190-A067-E578E7E66B1A}.Mono|x86.ActiveCfg = Release|Any CPU
		{901C016A-9008-4190-A067-E578E7E66B1A}.Release|Any CPU.ActiveCfg = Release|Any CPU
		{901C016A-9008-4190-A067-E578E7E66B1A}.Release|Any CPU.Build.0 = Release|Any CPU
		{901C016A-9008-4190-A067-E578E7E66B1A}.Release|x86.ActiveCfg = Release|Any CPU
		{453F9C34-68B5-45A4-B34B-96607C6A4680}.Debug|Any CPU.ActiveCfg = Debug|Any CPU
		{453F9C34-68B5-45A4-B34B-96607C6A4680}.Debug|Any CPU.Build.0 = Debug|Any CPU
		{453F9C34-68B5-45A4-B34B-96607C6A4680}.Debug|x86.ActiveCfg = Debug|Any CPU
		{453F9C34-68B5-45A4-B34B-96607C6A4680}.Mono|Any CPU.ActiveCfg = Release|Any CPU
		{453F9C34-68B5-45A4-B34B-96607C6A4680}.Mono|Any CPU.Build.0 = Release|Any CPU
		{453F9C34-68B5-45A4-B34B-96607C6A4680}.Mono|x86.ActiveCfg = Release|Any CPU
		{453F9C34-68B5-45A4-B34B-96607C6A4680}.Release|Any CPU.ActiveCfg = Release|Any CPU
		{453F9C34-68B5-45A4-B34B-96607C6A4680}.Release|Any CPU.Build.0 = Release|Any CPU
		{453F9C34-68B5-45A4-B34B-96607C6A4680}.Release|x86.ActiveCfg = Release|Any CPU
		{25D4D0A4-22D0-4E87-A8D6-A58AA592D28C}.Debug|Any CPU.ActiveCfg = Debug|Any CPU
		{25D4D0A4-22D0-4E87-A8D6-A58AA592D28C}.Debug|Any CPU.Build.0 = Debug|Any CPU
		{25D4D0A4-22D0-4E87-A8D6-A58AA592D28C}.Debug|x86.ActiveCfg = Debug|Any CPU
		{25D4D0A4-22D0-4E87-A8D6-A58AA592D28C}.Mono|Any CPU.ActiveCfg = Release|Any CPU
		{25D4D0A4-22D0-4E87-A8D6-A58AA592D28C}.Mono|Any CPU.Build.0 = Release|Any CPU
		{25D4D0A4-22D0-4E87-A8D6-A58AA592D28C}.Mono|x86.ActiveCfg = Release|Any CPU
		{25D4D0A4-22D0-4E87-A8D6-A58AA592D28C}.Release|Any CPU.ActiveCfg = Release|Any CPU
		{25D4D0A4-22D0-4E87-A8D6-A58AA592D28C}.Release|Any CPU.Build.0 = Release|Any CPU
		{25D4D0A4-22D0-4E87-A8D6-A58AA592D28C}.Release|x86.ActiveCfg = Release|Any CPU
		{E9740EF0-ED81-4AF7-A720-CEADEF89E69E}.Debug|Any CPU.ActiveCfg = Debug
		{E9740EF0-ED81-4AF7-A720-CEADEF89E69E}.Debug|Any CPU.Build.0 = Debug
		{E9740EF0-ED81-4AF7-A720-CEADEF89E69E}.Debug|x86.ActiveCfg = Debug
		{E9740EF0-ED81-4AF7-A720-CEADEF89E69E}.Debug|x86.Build.0 = Debug
		{E9740EF0-ED81-4AF7-A720-CEADEF89E69E}.Mono|Any CPU.ActiveCfg = Release
		{E9740EF0-ED81-4AF7-A720-CEADEF89E69E}.Mono|Any CPU.Build.0 = Release
		{E9740EF0-ED81-4AF7-A720-CEADEF89E69E}.Mono|x86.ActiveCfg = Release
		{E9740EF0-ED81-4AF7-A720-CEADEF89E69E}.Mono|x86.Build.0 = Release
		{E9740EF0-ED81-4AF7-A720-CEADEF89E69E}.Release|Any CPU.ActiveCfg = Release
		{E9740EF0-ED81-4AF7-A720-CEADEF89E69E}.Release|Any CPU.Build.0 = Release
		{E9740EF0-ED81-4AF7-A720-CEADEF89E69E}.Release|x86.ActiveCfg = Release
		{E9740EF0-ED81-4AF7-A720-CEADEF89E69E}.Release|x86.Build.0 = Release
	EndGlobalSection
	GlobalSection(SolutionProperties) = preSolution
		HideSolutionNode = FALSE
	EndGlobalSection
EndGlobal
