
Microsoft Visual Studio Solution File, Format Version 10.00
# Visual Studio 2008
Project("{8BC9CEB8-8B4A-11D0-8D11-00A0C91BC942}") = "SystemBalloonIntercepter", "GlobalCbtHook.vcproj", "{A558485A-58F7-4748-A0BE-EE1BB01732F5}"
EndProject
Project("{2150E333-8FDC-42A3-9474-1A3956D46DE8}") = "Solution Items", "Solution Items", "{EA1A9905-09FF-4FF4-9F74-3C6D4FF61C3D}"
	ProjectSection(SolutionItems) = preProject
		save.txt = save.txt
	EndProjectSection
EndProject
Global
	GlobalSection(SolutionConfigurationPlatforms) = preSolution
		Debug|Win32 = Debug|Win32
		Debug|x64 = Debug|x64
		Documentation|Win32 = Documentation|Win32
		Documentation|x64 = Documentation|x64
		Release|Win32 = Release|Win32
		Release|x64 = Release|x64
	EndGlobalSection
	GlobalSection(ProjectConfigurationPlatforms) = postSolution
		{A558485A-58F7-4748-A0BE-EE1BB01732F5}.Debug|Win32.ActiveCfg = Debug|Win32
		{A558485A-58F7-4748-A0BE-EE1BB01732F5}.Debug|Win32.Build.0 = Debug|Win32
		{A558485A-58F7-4748-A0BE-EE1BB01732F5}.Debug|x64.ActiveCfg = Debug|x64
		{A558485A-58F7-4748-A0BE-EE1BB01732F5}.Debug|x64.Build.0 = Debug|x64
		{A558485A-58F7-4748-A0BE-EE1BB01732F5}.Documentation|Win32.ActiveCfg = Documentation|Win32
		{A558485A-58F7-4748-A0BE-EE1BB01732F5}.Documentation|Win32.Build.0 = Documentation|Win32
		{A558485A-58F7-4748-A0BE-EE1BB01732F5}.Documentation|x64.ActiveCfg = Documentation|x64
		{A558485A-58F7-4748-A0BE-EE1BB01732F5}.Documentation|x64.Build.0 = Documentation|x64
		{A558485A-58F7-4748-A0BE-EE1BB01732F5}.Release|Win32.ActiveCfg = Release|Win32
		{A558485A-58F7-4748-A0BE-EE1BB01732F5}.Release|Win32.Build.0 = Release|Win32
		{A558485A-58F7-4748-A0BE-EE1BB01732F5}.Release|x64.ActiveCfg = Release|x64
		{A558485A-58F7-4748-A0BE-EE1BB01732F5}.Release|x64.Build.0 = Release|x64
	EndGlobalSection
	GlobalSection(SolutionProperties) = preSolution
		HideSolutionNode = FALSE
	EndGlobalSection
EndGlobal
