
Microsoft Visual Studio Solution File, Format Version 10.00
# Visual Studio 2008
Project("{FAE04EC0-301F-11D3-BF4B-00C04F79EFBC}") = "GrowlExtras.FeedMonitor", "GrowlExtras.FeedMonitor.csproj", "{40C8E85D-CED7-4CB5-8584-EB7E27C516FD}"
EndProject
Project("{54435603-DBB4-11D2-8724-00A0C9A8B90C}") = "Feed Monitor Deployment", "..\Feed Monitor Deployment\Feed Monitor Deployment.vdproj", "{3C42B04C-8B22-4F00-BA68-57F7969404D6}"
EndProject
Global
	GlobalSection(SolutionConfigurationPlatforms) = preSolution
		Debug|Any CPU = Debug|Any CPU
		Release|Any CPU = Release|Any CPU
	EndGlobalSection
	GlobalSection(ProjectConfigurationPlatforms) = postSolution
		{40C8E85D-CED7-4CB5-8584-EB7E27C516FD}.Debug|Any CPU.ActiveCfg = Debug|Any CPU
		{40C8E85D-CED7-4CB5-8584-EB7E27C516FD}.Debug|Any CPU.Build.0 = Debug|Any CPU
		{40C8E85D-CED7-4CB5-8584-EB7E27C516FD}.Release|Any CPU.ActiveCfg = Release|Any CPU
		{40C8E85D-CED7-4CB5-8584-EB7E27C516FD}.Release|Any CPU.Build.0 = Release|Any CPU
		{3C42B04C-8B22-4F00-BA68-57F7969404D6}.Debug|Any CPU.ActiveCfg = Debug
		{3C42B04C-8B22-4F00-BA68-57F7969404D6}.Release|Any CPU.ActiveCfg = Release
	EndGlobalSection
	GlobalSection(SolutionProperties) = preSolution
		HideSolutionNode = FALSE
	EndGlobalSection
EndGlobal
