
Microsoft Visual Studio Solution File, Format Version 9.00
# Visual Studio 2005
Project("{FAE04EC0-301F-11D3-BF4B-00C04F79EFBC}") = "GrowlExtras.OutlookAddIn", "GrowlExtras.OutlookAddIn\GrowlExtras.OutlookAddIn.csproj", "{0408A9BB-80FF-4DFB-9DFA-28A9817B0E16}"
EndProject
Project("{54435603-DBB4-11D2-8724-00A0C9A8B90C}") = "GrowlOutlookAddInSetup", "GrowlOutlookAddInSetup\GrowlOutlookAddInSetup", "{593B8772-015C-46AD-9431-F3380F6A705F}"
EndProject
Project("{FAE04EC0-301F-11D3-BF4B-00C04F79EFBC}") = "CaspolManager", "CaspolManager\CaspolManager.csproj", "{616B55E7-6E51-479F-BD1D-2F5AEEE1AD06}"
EndProject
Global
	GlobalSection(SolutionConfigurationPlatforms) = preSolution
		Debug|Any CPU = Debug|Any CPU
		Release|Any CPU = Release|Any CPU
	EndGlobalSection
	GlobalSection(ProjectConfigurationPlatforms) = postSolution
		{0408A9BB-80FF-4DFB-9DFA-28A9817B0E16}.Debug|Any CPU.ActiveCfg = Debug|Any CPU
		{0408A9BB-80FF-4DFB-9DFA-28A9817B0E16}.Debug|Any CPU.Build.0 = Debug|Any CPU
		{0408A9BB-80FF-4DFB-9DFA-28A9817B0E16}.Release|Any CPU.ActiveCfg = Release|Any CPU
		{0408A9BB-80FF-4DFB-9DFA-28A9817B0E16}.Release|Any CPU.Build.0 = Release|Any CPU
		{593B8772-015C-46AD-9431-F3380F6A705F}.Debug|Any CPU.ActiveCfg = Debug
		{593B8772-015C-46AD-9431-F3380F6A705F}.Release|Any CPU.ActiveCfg = Release
		{616B55E7-6E51-479F-BD1D-2F5AEEE1AD06}.Debug|Any CPU.ActiveCfg = Debug|Any CPU
		{616B55E7-6E51-479F-BD1D-2F5AEEE1AD06}.Debug|Any CPU.Build.0 = Debug|Any CPU
		{616B55E7-6E51-479F-BD1D-2F5AEEE1AD06}.Release|Any CPU.ActiveCfg = Release|Any CPU
		{616B55E7-6E51-479F-BD1D-2F5AEEE1AD06}.Release|Any CPU.Build.0 = Release|Any CPU
	EndGlobalSection
	GlobalSection(SolutionProperties) = preSolution
		HideSolutionNode = FALSE
	EndGlobalSection
EndGlobal
