
Microsoft Visual Studio Solution File, Format Version 9.00
# Visual Studio 2005
Project("{FAE04EC0-301F-11D3-BF4B-00C04F79EFBC}") = "Degree Display", "Degree Display\Degree Display.csproj", "{75494904-D0D8-4108-A0BE-E376032296C7}"
EndProject
Global
	GlobalSection(SolutionConfigurationPlatforms) = preSolution
		Debug|Any CPU = Debug|Any CPU
		Release|Any CPU = Release|Any CPU
	EndGlobalSection
	GlobalSection(ProjectConfigurationPlatforms) = postSolution
		{75494904-D0D8-4108-A0BE-E376032296C7}.Debug|Any CPU.ActiveCfg = Debug|Any CPU
		{75494904-D0D8-4108-A0BE-E376032296C7}.Debug|Any CPU.Build.0 = Debug|Any CPU
		{75494904-D0D8-4108-A0BE-E376032296C7}.Release|Any CPU.ActiveCfg = Release|Any CPU
		{75494904-D0D8-4108-A0BE-E376032296C7}.Release|Any CPU.Build.0 = Release|Any CPU
	EndGlobalSection
	GlobalSection(SolutionProperties) = preSolution
		HideSolutionNode = FALSE
	EndGlobalSection
EndGlobal
